{
  "name": "test-workspace",
  "version": "1.0.0",
  "lockfileVersion": 3,
  "packages": {
    "": {
      "name": "test-workspace",
      "version": "1.0.0",
      "dependencies": {
        "@test/app": "workspace:*",
        "lodash": "^4.17.21",
        "react": "^18.2.0"
      }
    },
    "packages/app": {
      "name": "@test/app",
      "version": "0.1.0"
    },
    "node_modules/lodash": {
      "name": "lodash",
      "version": "4.17.21",
      "resolved": "https://registry.npmjs.org/lodash/-/lodash-4.17.21.tgz",
      "integrity": "sha512-v2kDEe57lecTulaFTewQnRDo0A2kQwKnu7AB2k+4PU1ZC8wkICXqsK1jZye4+X6tTJCcGf6P9KQ4hU9nEZYs/Q=="
    },
    "node_modules/loose-envify": {
      "name": "loose-envify",
      "version": "1.4.0",
      "resolved": "https://registry.npmjs.org/loose-envify/-/loose-envify-1.4.0.tgz",
      "integrity": "sha512-1x2a9tU3eE5qKpJ2vF2rN0k8G9F2lJqfV2Wn7u7uC6a7S9dGm5vK8n3p4rJ2oN5rQwQx6xY5bQ7rP9mN4zA=="
    },
    "node_modules/react": {
      "name": "react",
      "version": "18.2.0",
      "resolved": "https://registry.npmjs.org/react/-/react-18.2.0.tgz",
      "integrity": "sha512-/3IjMdb2LyzJkZ7gxjJv0GqY3fYvF2xR0fN4RkY0nYzQjQpP3VnW1a4b6c7d8e9f0g1h2i3j4k5l6m7n8o9p==",
      "dependencies": {
        "loose-envify": "^1.1.0"
      }
    }
  }
}
