version = 3

[tools.bun]
version = "1.3.5"

[tools.bun.platforms.darwin-arm64]
provider = "github"
digest = "sha256:63f7fdf283ce9a2984a4d39d6b37725eb2ee3e84a5366ca12df7ce3c21c0daf6"

[tools.bun.platforms.darwin-arm64.source]
asset = "bun-darwin-aarch64.zip"
repo = "oven-sh/bun"
tag = "bun-v1.3.5"
type = "github"

[[tools.bun.platforms.darwin-arm64.source.extract]]
kind = "bin"
path = "bun-darwin-aarch64/bun"

[tools.bun.platforms.darwin-x86_64]
provider = "github"
digest = "sha256:52af026326df7adb12fe99afa15f7ebb3059f5f67203aae37f6ca4fb9204da2e"

[tools.bun.platforms.darwin-x86_64.source]
asset = "bun-darwin-x64.zip"
repo = "oven-sh/bun"
tag = "bun-v1.3.5"
type = "github"

[[tools.bun.platforms.darwin-x86_64.source.extract]]
kind = "bin"
path = "bun-darwin-x64/bun"

[tools.bun.platforms.linux-arm64]
provider = "github"
digest = "sha256:f534fffba8cf22a1be206b972ee09a1b15de6200206730d1a859b18aab33dea7"

[tools.bun.platforms.linux-arm64.source]
asset = "bun-linux-aarch64.zip"
repo = "oven-sh/bun"
tag = "bun-v1.3.5"
type = "github"

[[tools.bun.platforms.linux-arm64.source.extract]]
kind = "bin"
path = "bun-linux-aarch64/bun"

[tools.bun.platforms.linux-x86_64]
provider = "github"
digest = "sha256:f4d716ecb20353aae7cb55e347fbddc32a2df0cf24f33842b157793b773d9ede"

[tools.bun.platforms.linux-x86_64.source]
asset = "bun-linux-x64.zip"
repo = "oven-sh/bun"
tag = "bun-v1.3.5"
type = "github"

[[tools.bun.platforms.linux-x86_64.source.extract]]
kind = "bin"
path = "bun-linux-x64/bun"

[tools.cargo-cyclonedx]
version = "0.5.7"

[tools.cargo-cyclonedx.platforms.darwin-arm64]
provider = "nix"
digest = "sha256:6ad13659870116920b96b681b549e65993bfad343263a3d7c0a0db611477252a"

[tools.cargo-cyclonedx.platforms.darwin-arm64.source]
flake = "github:NixOS/nixpkgs/nixos-unstable"
package = "cargo-cyclonedx"
type = "nix"

[tools.cargo-cyclonedx.platforms.darwin-x86_64]
provider = "nix"
digest = "sha256:c5634e02bbd91a3384e4eafb7d3757eb9a09f65d4c9c0f4aaf661e314c8ee1e9"

[tools.cargo-cyclonedx.platforms.darwin-x86_64.source]
flake = "github:NixOS/nixpkgs/nixos-unstable"
package = "cargo-cyclonedx"
type = "nix"

[tools.cargo-cyclonedx.platforms.linux-arm64]
provider = "nix"
digest = "sha256:bb1c6a243afc1a08a4141034bfc5183c90dc55b73b1b6d0c7034214779f05177"

[tools.cargo-cyclonedx.platforms.linux-arm64.source]
flake = "github:NixOS/nixpkgs/nixos-unstable"
package = "cargo-cyclonedx"
type = "nix"

[tools.cargo-cyclonedx.platforms.linux-x86_64]
provider = "nix"
digest = "sha256:5eb3bd01881f0e72a32ed2a33ea82d45d3068c3df50da912017fd2fbacd92a50"

[tools.cargo-cyclonedx.platforms.linux-x86_64.source]
flake = "github:NixOS/nixpkgs/nixos-unstable"
package = "cargo-cyclonedx"
type = "nix"

[tools.cargo-deny]
version = "0.18.9"

[tools.cargo-deny.platforms.darwin-arm64]
provider = "github"
digest = "sha256:8b27c44394a6e262811e33abc4558bd20f29d959adb8e65fed2f20b220e1042f"

[tools.cargo-deny.platforms.darwin-arm64.source]
asset = "cargo-deny-0.18.9-aarch64-apple-darwin.tar.gz"
repo = "EmbarkStudios/cargo-deny"
tag = "0.18.9"
type = "github"

[[tools.cargo-deny.platforms.darwin-arm64.source.extract]]
kind = "bin"
path = "cargo-deny-0.18.9-aarch64-apple-darwin/cargo-deny"

[tools.cargo-deny.platforms.darwin-x86_64]
provider = "github"
digest = "sha256:f8e5d49a1c290fc3a468787807f6c240e3f5996d7dd9c6eb4bdeb83c99c2a25d"

[tools.cargo-deny.platforms.darwin-x86_64.source]
asset = "cargo-deny-0.18.9-x86_64-apple-darwin.tar.gz"
repo = "EmbarkStudios/cargo-deny"
tag = "0.18.9"
type = "github"

[[tools.cargo-deny.platforms.darwin-x86_64.source.extract]]
kind = "bin"
path = "cargo-deny-0.18.9-x86_64-apple-darwin/cargo-deny"

[tools.cargo-deny.platforms.linux-arm64]
provider = "github"
digest = "sha256:115660bd98c6215b415603c64495182fbb9599e3abb0f777fef17d944ea2a776"

[tools.cargo-deny.platforms.linux-arm64.source]
asset = "cargo-deny-0.18.9-aarch64-unknown-linux-musl.tar.gz"
repo = "EmbarkStudios/cargo-deny"
tag = "0.18.9"
type = "github"

[[tools.cargo-deny.platforms.linux-arm64.source.extract]]
kind = "bin"
path = "cargo-deny-0.18.9-aarch64-unknown-linux-musl/cargo-deny"

[tools.cargo-deny.platforms.linux-x86_64]
provider = "github"
digest = "sha256:062674937b7ace871ac1c3d48b2913901472870c6be5abaff0ecba7a7a59e567"

[tools.cargo-deny.platforms.linux-x86_64.source]
asset = "cargo-deny-0.18.9-x86_64-unknown-linux-musl.tar.gz"
repo = "EmbarkStudios/cargo-deny"
tag = "0.18.9"
type = "github"

[[tools.cargo-deny.platforms.linux-x86_64.source.extract]]
kind = "bin"
path = "cargo-deny-0.18.9-x86_64-unknown-linux-musl/cargo-deny"

[tools.cargo-llvm-cov]
version = "0.6.21"

[tools.cargo-llvm-cov.platforms.darwin-arm64]
provider = "github"
digest = "sha256:e18e1cbe17baa4ec5a45deebf1c1f5e2d6727e0f36e780926def64ed09762561"

[tools.cargo-llvm-cov.platforms.darwin-arm64.source]
asset = "cargo-llvm-cov-aarch64-apple-darwin.tar.gz"
repo = "taiki-e/cargo-llvm-cov"
tag = "v0.6.21"
type = "github"

[[tools.cargo-llvm-cov.platforms.darwin-arm64.source.extract]]
kind = "bin"
path = "cargo-llvm-cov"

[tools.cargo-llvm-cov.platforms.darwin-x86_64]
provider = "github"
digest = "sha256:faf44e26be3de5a3feb345eb6a16ede5b663d307670fc93a420553739862ca98"

[tools.cargo-llvm-cov.platforms.darwin-x86_64.source]
asset = "cargo-llvm-cov-x86_64-apple-darwin.tar.gz"
repo = "taiki-e/cargo-llvm-cov"
tag = "v0.6.21"
type = "github"

[[tools.cargo-llvm-cov.platforms.darwin-x86_64.source.extract]]
kind = "bin"
path = "cargo-llvm-cov"

[tools.cargo-llvm-cov.platforms.linux-arm64]
provider = "github"
digest = "sha256:17daac90bf46956e11b3bb1a8e56b43125c762b910be47be54ac170b000365be"

[tools.cargo-llvm-cov.platforms.linux-arm64.source]
asset = "cargo-llvm-cov-aarch64-unknown-linux-gnu.tar.gz"
repo = "taiki-e/cargo-llvm-cov"
tag = "v0.6.21"
type = "github"

[[tools.cargo-llvm-cov.platforms.linux-arm64.source.extract]]
kind = "bin"
path = "cargo-llvm-cov"

[tools.cargo-llvm-cov.platforms.linux-x86_64]
provider = "github"
digest = "sha256:6da60f686943fcdc3087abf13060df4ae449eda499c6d7db96b95f1f5fc232cd"

[tools.cargo-llvm-cov.platforms.linux-x86_64.source]
asset = "cargo-llvm-cov-x86_64-unknown-linux-gnu.tar.gz"
repo = "taiki-e/cargo-llvm-cov"
tag = "v0.6.21"
type = "github"

[[tools.cargo-llvm-cov.platforms.linux-x86_64.source.extract]]
kind = "bin"
path = "cargo-llvm-cov"

[tools.cargo-nextest]
version = "0.9.116"

[tools.cargo-nextest.platforms.darwin-arm64]
provider = "github"
digest = "sha256:b8b69377ad985e2bd390c46974fabbd76843e001eb47e69733e7c70252e1c3f0"

[tools.cargo-nextest.platforms.darwin-arm64.source]
asset = "cargo-nextest-0.9.116-universal-apple-darwin.tar.gz"
repo = "nextest-rs/nextest"
tag = "cargo-nextest-0.9.116"
type = "github"

[[tools.cargo-nextest.platforms.darwin-arm64.source.extract]]
kind = "bin"
path = "cargo-nextest"

[tools.cargo-nextest.platforms.darwin-x86_64]
provider = "github"
digest = "sha256:8d1200bf56ea24a3cc28f35237e139e6d3ac432cd96a536887f1f6070f078197"

[tools.cargo-nextest.platforms.darwin-x86_64.source]
asset = "cargo-nextest-0.9.116-universal-apple-darwin.tar.gz"
repo = "nextest-rs/nextest"
tag = "cargo-nextest-0.9.116"
type = "github"

[[tools.cargo-nextest.platforms.darwin-x86_64.source.extract]]
kind = "bin"
path = "cargo-nextest"

[tools.cargo-nextest.platforms.linux-arm64]
provider = "github"
digest = "sha256:3f31068d3b41e4f693989b624085c01334da806922f6101e77bafd82298ad9b5"

[tools.cargo-nextest.platforms.linux-arm64.source]
asset = "cargo-nextest-0.9.116-aarch64-unknown-linux-gnu.tar.gz"
repo = "nextest-rs/nextest"
tag = "cargo-nextest-0.9.116"
type = "github"

[[tools.cargo-nextest.platforms.linux-arm64.source.extract]]
kind = "bin"
path = "cargo-nextest"

[tools.cargo-nextest.platforms.linux-x86_64]
provider = "github"
digest = "sha256:06c59f24a363fe1a4232d00eb0e8385e412229b52c183883e27739d81105750e"

[tools.cargo-nextest.platforms.linux-x86_64.source]
asset = "cargo-nextest-0.9.116-x86_64-unknown-linux-gnu.tar.gz"
repo = "nextest-rs/nextest"
tag = "cargo-nextest-0.9.116"
type = "github"

[[tools.cargo-nextest.platforms.linux-x86_64.source.extract]]
kind = "bin"
path = "cargo-nextest"

[tools.cargo-zigbuild]
version = "0.20.1"

[tools.cargo-zigbuild.platforms.darwin-arm64]
provider = "github"
digest = "sha256:5389a4f2834ff013a072a9d0f9bee5948f91f65095ce4cb3a31a3d5b79cd8849"

[tools.cargo-zigbuild.platforms.darwin-arm64.source]
asset = "cargo-zigbuild-v0.20.1.apple-darwin.tar.gz"
repo = "rust-cross/cargo-zigbuild"
tag = "v0.20.1"
type = "github"

[[tools.cargo-zigbuild.platforms.darwin-arm64.source.extract]]
kind = "bin"
path = "cargo-zigbuild"

[tools.cargo-zigbuild.platforms.darwin-x86_64]
provider = "github"
digest = "sha256:94e8a2bd8b6e02d6256711e8ff61e691fe3dbd95c1021a470acd8636a9ccc10a"

[tools.cargo-zigbuild.platforms.darwin-x86_64.source]
asset = "cargo-zigbuild-v0.20.1.apple-darwin.tar.gz"
repo = "rust-cross/cargo-zigbuild"
tag = "v0.20.1"
type = "github"

[[tools.cargo-zigbuild.platforms.darwin-x86_64.source.extract]]
kind = "bin"
path = "cargo-zigbuild"

[tools.cargo-zigbuild.platforms.linux-arm64]
provider = "github"
digest = "sha256:af011d1051efe3d003569c596f520cebd95c48be691a43fc0730e2756cec2dd5"

[tools.cargo-zigbuild.platforms.linux-arm64.source]
asset = "cargo-zigbuild-v0.20.1.aarch64-unknown-linux-musl.tar.gz"
repo = "rust-cross/cargo-zigbuild"
tag = "v0.20.1"
type = "github"

[[tools.cargo-zigbuild.platforms.linux-arm64.source.extract]]
kind = "bin"
path = "cargo-zigbuild"

[tools.cargo-zigbuild.platforms.linux-x86_64]
provider = "github"
digest = "sha256:656b235a7fa922430f8769aa174741f12c66ed02ee0045d8f6b9d4a108dbe445"

[tools.cargo-zigbuild.platforms.linux-x86_64.source]
asset = "cargo-zigbuild-v0.20.1.x86_64-unknown-linux-musl.tar.gz"
repo = "rust-cross/cargo-zigbuild"
tag = "v0.20.1"
type = "github"

[[tools.cargo-zigbuild.platforms.linux-x86_64.source.extract]]
kind = "bin"
path = "cargo-zigbuild"

[tools.cue]
version = "0.15.3"

[tools.cue.platforms.darwin-arm64]
provider = "github"
digest = "sha256:5895bdfc41cb35f25ff36767da8c38b3eb04057fd6d7b0b401639e0840f8d651"

[tools.cue.platforms.darwin-arm64.source]
asset = "cue_v0.15.3_darwin_arm64.tar.gz"
repo = "cue-lang/cue"
tag = "v0.15.3"
type = "github"

[[tools.cue.platforms.darwin-arm64.source.extract]]
kind = "bin"
path = "cue"

[tools.cue.platforms.darwin-x86_64]
provider = "github"
digest = "sha256:3dfcb91dffe2e6cc9380c1858150a439fddf5dda8225b49686d9280f4ad83f56"

[tools.cue.platforms.darwin-x86_64.source]
asset = "cue_v0.15.3_darwin_amd64.tar.gz"
repo = "cue-lang/cue"
tag = "v0.15.3"
type = "github"

[[tools.cue.platforms.darwin-x86_64.source.extract]]
kind = "bin"
path = "cue"

[tools.cue.platforms.linux-arm64]
provider = "github"
digest = "sha256:927be0cf7ca4a983b700a51b5d9d8c0d85381776a84d2f5608e12ddf4ee9d7de"

[tools.cue.platforms.linux-arm64.source]
asset = "cue_v0.15.3_linux_arm64.tar.gz"
repo = "cue-lang/cue"
tag = "v0.15.3"
type = "github"

[[tools.cue.platforms.linux-arm64.source.extract]]
kind = "bin"
path = "cue"

[tools.cue.platforms.linux-x86_64]
provider = "github"
digest = "sha256:6d700c50424a1ccec228e15faee2a087d7b844c99412ee1da68ac2b548d5b593"

[tools.cue.platforms.linux-x86_64.source]
asset = "cue_v0.15.3_linux_amd64.tar.gz"
repo = "cue-lang/cue"
tag = "v0.15.3"
type = "github"

[[tools.cue.platforms.linux-x86_64.source.extract]]
kind = "bin"
path = "cue"

[tools.jq]
version = "1.7.1"

[tools.jq.platforms.darwin-arm64]
provider = "github"
digest = "sha256:168586d58c75f646d0ac70094c60e3bdede0495ece16175ad56938010228dc5e"

[tools.jq.platforms.darwin-arm64.source]
asset = "jq-macos-arm64"
repo = "jqlang/jq"
tag = "jq-1.7.1"
type = "github"

[tools.jq.platforms.darwin-x86_64]
provider = "github"
digest = "sha256:8f2d57b165289a316b3efaafb9dde409ebec28c7dae02c7ca00e00ff73375c3d"

[tools.jq.platforms.darwin-x86_64.source]
asset = "jq-macos-amd64"
repo = "jqlang/jq"
tag = "jq-1.7.1"
type = "github"

[tools.jq.platforms.linux-arm64]
provider = "github"
digest = "sha256:08bb46a0c0927186b2bf0ad4f563f566578d8f07b96f896a6109c935501e7aff"

[tools.jq.platforms.linux-arm64.source]
asset = "jq-linux-arm64"
repo = "jqlang/jq"
tag = "jq-1.7.1"
type = "github"

[tools.jq.platforms.linux-x86_64]
provider = "github"
digest = "sha256:c1019444e4ea6dc37ec657f316851f668076bee1691d2713a7c55b2acd40c0a1"

[tools.jq.platforms.linux-x86_64.source]
asset = "jq-linux-amd64"
repo = "jqlang/jq"
tag = "jq-1.7.1"
type = "github"

[tools.nixpkgs-fmt]
version = "nixos-unstable"

[tools.nixpkgs-fmt.platforms.darwin-arm64]
provider = "nix"
digest = "sha256:7807dabc212d9db8d717135b41dbcaee1c8bb9b4b3a9803df3e6d10bbbc45017"

[tools.nixpkgs-fmt.platforms.darwin-arm64.source]
flake = "github:NixOS/nixpkgs/nixos-unstable"
package = "nixpkgs-fmt"
type = "nix"

[tools.nixpkgs-fmt.platforms.darwin-x86_64]
provider = "nix"
digest = "sha256:3df57ff6396f081387fb423fe1c51ae816cf3f5f574646c35070a63b03c27446"

[tools.nixpkgs-fmt.platforms.darwin-x86_64.source]
flake = "github:NixOS/nixpkgs/nixos-unstable"
package = "nixpkgs-fmt"
type = "nix"

[tools.nixpkgs-fmt.platforms.linux-arm64]
provider = "nix"
digest = "sha256:e515264d57287b4218639979b37ae5e387783d9046a62318410ae12be853fa0d"

[tools.nixpkgs-fmt.platforms.linux-arm64.source]
flake = "github:NixOS/nixpkgs/nixos-unstable"
package = "nixpkgs-fmt"
type = "nix"

[tools.nixpkgs-fmt.platforms.linux-x86_64]
provider = "nix"
digest = "sha256:204cc393976d8d4a8d6626fb91875943508be5f41d59b8b1df8a187a63771fb4"

[tools.nixpkgs-fmt.platforms.linux-x86_64.source]
flake = "github:NixOS/nixpkgs/nixos-unstable"
package = "nixpkgs-fmt"
type = "nix"

[tools.prettier]
version = "3.7.4"

[tools.prettier.platforms.darwin-arm64]
provider = "nix"
digest = "sha256:3a7a2e183c48c2e2baf185a027b75b03a95a73503f51501dc5526fdd79994125"

[tools.prettier.platforms.darwin-arm64.source]
flake = "github:NixOS/nixpkgs/nixos-unstable"
package = "nodePackages.prettier"
type = "nix"

[tools.prettier.platforms.darwin-x86_64]
provider = "nix"
digest = "sha256:7e5a4dd623f5812e2ebea8296b50b9cd5a208e7e95941138c72cc33f77a88348"

[tools.prettier.platforms.darwin-x86_64.source]
flake = "github:NixOS/nixpkgs/nixos-unstable"
package = "nodePackages.prettier"
type = "nix"

[tools.prettier.platforms.linux-arm64]
provider = "nix"
digest = "sha256:2c6857ccec2794e8bfc80af8ce3d105f2d1b9f3ea6cbbf525772d9cdad97c3e7"

[tools.prettier.platforms.linux-arm64.source]
flake = "github:NixOS/nixpkgs/nixos-unstable"
package = "nodePackages.prettier"
type = "nix"

[tools.prettier.platforms.linux-x86_64]
provider = "nix"
digest = "sha256:e0ae5ae5a0d293627c61bfcd1b570af611dc421e5a60bbfb04ae2a39dcea5a86"

[tools.prettier.platforms.linux-x86_64.source]
flake = "github:NixOS/nixpkgs/nixos-unstable"
package = "nodePackages.prettier"
type = "nix"

[tools.rust]
version = "1.92.0"

[tools.rust.platforms.darwin-arm64]
provider = "rustup"
digest = "sha256:3910e9f33790662665142c8ae34e78b5ad0e8493ecbcaad5cba7f5e068f616fa"

[tools.rust.platforms.darwin-arm64.source]
components = [
    "rust-src",
    "clippy",
    "rustfmt",
    "llvm-tools-preview",
]
profile = "default"
targets = [
    "x86_64-unknown-linux-gnu",
    "aarch64-unknown-linux-gnu",
    "aarch64-apple-darwin",
    "x86_64-apple-darwin",
]
toolchain = "1.92.0"
type = "rustup"

[tools.rust.platforms.darwin-x86_64]
provider = "rustup"
digest = "sha256:a3cad211a0259e6de1e5604edff2f64f44dafd357a42a0c20cae36b8517710e0"

[tools.rust.platforms.darwin-x86_64.source]
components = [
    "rust-src",
    "clippy",
    "rustfmt",
    "llvm-tools-preview",
]
profile = "default"
targets = [
    "x86_64-unknown-linux-gnu",
    "aarch64-unknown-linux-gnu",
    "aarch64-apple-darwin",
    "x86_64-apple-darwin",
]
toolchain = "1.92.0"
type = "rustup"

[tools.rust.platforms.linux-arm64]
provider = "rustup"
digest = "sha256:6fd6fdd614a59a352a1b7b83e94b2505ba773a7ac73e83e66acda86f207fe69f"

[tools.rust.platforms.linux-arm64.source]
components = [
    "rust-src",
    "clippy",
    "rustfmt",
    "llvm-tools-preview",
]
profile = "default"
targets = [
    "x86_64-unknown-linux-gnu",
    "aarch64-unknown-linux-gnu",
    "aarch64-apple-darwin",
    "x86_64-apple-darwin",
]
toolchain = "1.92.0"
type = "rustup"

[tools.rust.platforms.linux-x86_64]
provider = "rustup"
digest = "sha256:09d7beaf86cd21fc08a3693c742c1a18b0c1bd2c9c0d478cf40491035ea7fdc6"

[tools.rust.platforms.linux-x86_64.source]
components = [
    "rust-src",
    "clippy",
    "rustfmt",
    "llvm-tools-preview",
]
profile = "default"
targets = [
    "x86_64-unknown-linux-gnu",
    "aarch64-unknown-linux-gnu",
    "aarch64-apple-darwin",
    "x86_64-apple-darwin",
]
toolchain = "1.92.0"
type = "rustup"

[tools.rust-analyzer]
version = "2025-12-22"

[tools.rust-analyzer.platforms.darwin-arm64]
provider = "github"
digest = "sha256:58a2573a028431ced1dccdb299dae8a21dcbb9e28d1fcbbe9c33eb9a0b32af6f"

[tools.rust-analyzer.platforms.darwin-arm64.source]
asset = "rust-analyzer-aarch64-apple-darwin.gz"
repo = "rust-lang/rust-analyzer"
tag = "2025-12-22"
type = "github"

[tools.rust-analyzer.platforms.darwin-x86_64]
provider = "github"
digest = "sha256:7418097398ba704be0633e4aad385e22e27ecfff3724523f5c366665ff6dba6d"

[tools.rust-analyzer.platforms.darwin-x86_64.source]
asset = "rust-analyzer-x86_64-apple-darwin.gz"
repo = "rust-lang/rust-analyzer"
tag = "2025-12-22"
type = "github"

[tools.rust-analyzer.platforms.linux-arm64]
provider = "github"
digest = "sha256:77e724f0550a89a98adc6924f95905e44e2ce8e24455d44ab69e3efbd7efac60"

[tools.rust-analyzer.platforms.linux-arm64.source]
asset = "rust-analyzer-aarch64-unknown-linux-gnu.gz"
repo = "rust-lang/rust-analyzer"
tag = "2025-12-22"
type = "github"

[tools.rust-analyzer.platforms.linux-x86_64]
provider = "github"
digest = "sha256:e65f20e6603adc1d524d834f58f54ee39c69585b4c119c3f40da5d5d0f32174b"

[tools.rust-analyzer.platforms.linux-x86_64.source]
asset = "rust-analyzer-x86_64-unknown-linux-gnu.gz"
repo = "rust-lang/rust-analyzer"
tag = "2025-12-22"
type = "github"

[tools.sccache]
version = "0.12.0"

[tools.sccache.platforms.darwin-arm64]
provider = "github"
digest = "sha256:bfa5402cdc0338ecafe6593e637530ac8f2d94b8809a6780c1a3bd8ccef417c4"

[tools.sccache.platforms.darwin-arm64.source]
asset = "sccache-v0.12.0-aarch64-apple-darwin.tar.gz"
repo = "mozilla/sccache"
tag = "v0.12.0"
type = "github"

[[tools.sccache.platforms.darwin-arm64.source.extract]]
kind = "bin"
path = "sccache-v0.12.0-aarch64-apple-darwin/sccache"

[tools.sccache.platforms.darwin-x86_64]
provider = "github"
digest = "sha256:fc952636f142682312afe4adc3a52cffa49c1fd7a440704d377ef7408cd419d0"

[tools.sccache.platforms.darwin-x86_64.source]
asset = "sccache-v0.12.0-x86_64-apple-darwin.tar.gz"
repo = "mozilla/sccache"
tag = "v0.12.0"
type = "github"

[[tools.sccache.platforms.darwin-x86_64.source.extract]]
kind = "bin"
path = "sccache-v0.12.0-x86_64-apple-darwin/sccache"

[tools.sccache.platforms.linux-arm64]
provider = "github"
digest = "sha256:09af50dc6171a7b3f8efd5f7b2983685104722238378dcfd7d19e2eaffe86815"

[tools.sccache.platforms.linux-arm64.source]
asset = "sccache-v0.12.0-aarch64-unknown-linux-musl.tar.gz"
repo = "mozilla/sccache"
tag = "v0.12.0"
type = "github"

[[tools.sccache.platforms.linux-arm64.source.extract]]
kind = "bin"
path = "sccache-v0.12.0-aarch64-unknown-linux-musl/sccache"

[tools.sccache.platforms.linux-x86_64]
provider = "github"
digest = "sha256:4e241ccf78af03303e62b413da53baf7e3733f41f2af9ac1f83149fa5a457e12"

[tools.sccache.platforms.linux-x86_64.source]
asset = "sccache-v0.12.0-x86_64-unknown-linux-musl.tar.gz"
repo = "mozilla/sccache"
tag = "v0.12.0"
type = "github"

[[tools.sccache.platforms.linux-x86_64.source.extract]]
kind = "bin"
path = "sccache-v0.12.0-x86_64-unknown-linux-musl/sccache"

[tools.treefmt]
version = "2.4.0"

[tools.treefmt.platforms.darwin-arm64]
provider = "github"
digest = "sha256:ce7b583e090e6f07f9a300576807ea2002cc4f9c1db5411259370d943bca07fa"

[tools.treefmt.platforms.darwin-arm64.source]
asset = "treefmt_2.4.0_darwin_arm64.tar.gz"
repo = "numtide/treefmt"
tag = "v2.4.0"
type = "github"

[[tools.treefmt.platforms.darwin-arm64.source.extract]]
kind = "bin"
path = "treefmt"

[tools.treefmt.platforms.darwin-x86_64]
provider = "github"
digest = "sha256:57904cbf78652caf6b79303f9b60eeeeec14503ce5c0b1039389aeec2b1306dd"

[tools.treefmt.platforms.darwin-x86_64.source]
asset = "treefmt_2.4.0_darwin_amd64.tar.gz"
repo = "numtide/treefmt"
tag = "v2.4.0"
type = "github"

[[tools.treefmt.platforms.darwin-x86_64.source.extract]]
kind = "bin"
path = "treefmt"

[tools.treefmt.platforms.linux-arm64]
provider = "github"
digest = "sha256:7e24a193b90fd8bce21646824458ca20adae8b750a9f8186ad93d5336daad1d6"

[tools.treefmt.platforms.linux-arm64.source]
asset = "treefmt_2.4.0_linux_arm64.tar.gz"
repo = "numtide/treefmt"
tag = "v2.4.0"
type = "github"

[[tools.treefmt.platforms.linux-arm64.source.extract]]
kind = "bin"
path = "treefmt"

[tools.treefmt.platforms.linux-x86_64]
provider = "github"
digest = "sha256:b5fdf93ae66d2b2b5756164fa730528ab19cf351957dee0d257916f3f7bb3477"

[tools.treefmt.platforms.linux-x86_64.source]
asset = "treefmt_2.4.0_linux_amd64.tar.gz"
repo = "numtide/treefmt"
tag = "v2.4.0"
type = "github"

[[tools.treefmt.platforms.linux-x86_64.source.extract]]
kind = "bin"
path = "treefmt"

[tools.yq]
version = "4.44.6"

[tools.yq.platforms.darwin-arm64]
provider = "github"
digest = "sha256:e9c60093588e7b43d182b9b5674a4a202315181acf2061d7e3e420752faa1b14"

[tools.yq.platforms.darwin-arm64.source]
asset = "yq_darwin_arm64"
repo = "mikefarah/yq"
tag = "v4.44.6"
type = "github"

[tools.yq.platforms.darwin-x86_64]
provider = "github"
digest = "sha256:cba61ee0a762a4e0957a4df25c4c9002410dfb6be0a371f34fae8e288ffbf87b"

[tools.yq.platforms.darwin-x86_64.source]
asset = "yq_darwin_amd64"
repo = "mikefarah/yq"
tag = "v4.44.6"
type = "github"

[tools.yq.platforms.linux-arm64]
provider = "github"
digest = "sha256:59e711b0695cee4d11678d5175e4aba9cabb3007d39a3eec0d3346706598a2a9"

[tools.yq.platforms.linux-arm64.source]
asset = "yq_linux_arm64"
repo = "mikefarah/yq"
tag = "v4.44.6"
type = "github"

[tools.yq.platforms.linux-x86_64]
provider = "github"
digest = "sha256:451fab4a6332cc927eb63451e86bda521643faccd58f7175928467dcc5ac09c3"

[tools.yq.platforms.linux-x86_64.source]
asset = "yq_linux_amd64"
repo = "mikefarah/yq"
tag = "v4.44.6"
type = "github"

[tools.zig]
version = "nixos-unstable"

[tools.zig.platforms.darwin-arm64]
provider = "nix"
digest = "sha256:57945eb64eda33ae316dac26997dd34d5596edd283335f221785d57f9ab68996"

[tools.zig.platforms.darwin-arm64.source]
flake = "github:NixOS/nixpkgs/nixos-unstable"
package = "zig"
type = "nix"

[tools.zig.platforms.darwin-x86_64]
provider = "nix"
digest = "sha256:d508dedc10f38286c1af0ae7d082cd53b4148c2de70033c457c49c555fbeb3d3"

[tools.zig.platforms.darwin-x86_64.source]
flake = "github:NixOS/nixpkgs/nixos-unstable"
package = "zig"
type = "nix"

[tools.zig.platforms.linux-arm64]
provider = "nix"
digest = "sha256:11a753e3178cc4637c3b48aa48bc8f6d0995f3ff4c26e7269289860521109a3d"

[tools.zig.platforms.linux-arm64.source]
flake = "github:NixOS/nixpkgs/nixos-unstable"
package = "zig"
type = "nix"

[tools.zig.platforms.linux-x86_64]
provider = "nix"
digest = "sha256:e8fef00c5723a05ffb90d6fd25a3394712f030c29ec2ecbd86ea128a63692563"

[tools.zig.platforms.linux-x86_64.source]
flake = "github:NixOS/nixpkgs/nixos-unstable"
package = "zig"
type = "nix"

[[tools_activation]]
var = "PATH"
op = "prepend"
separator = ":"

[tools_activation.from]
type = "allBinDirs"

[[tools_activation]]
var = "DYLD_LIBRARY_PATH"
op = "prepend"
separator = ":"

[tools_activation.from]
type = "allLibDirs"

[[tools_activation]]
var = "LD_LIBRARY_PATH"
op = "prepend"
separator = ":"

[tools_activation.from]
type = "allLibDirs"
